
Microsoft Visual Studio Solution File, Format Version 12.00
# Visual Studio 14
VisualStudioVersion = 14.0.25123.0
MinimumVisualStudioVersion = 10.0.40219.1
Project("{FAE04EC0-301F-11D3-BF4B-00C04F79EFBC}") = "impulsevidService", "impulsevidService\impulsevidService.csproj", "{209FA716-A7AD-4095-BD70-C8710FC66FA7}"
EndProject
Project("{FAE04EC0-301F-11D3-BF4B-00C04F79EFBC}") = "ImgProcess", "ImgProcess\ImgProcess.csproj", "{6AD50E14-B875-4961-AD99-EFF818FAEBD7}"
EndProject
Project("{FAE04EC0-301F-11D3-BF4B-00C04F79EFBC}") = "VideoProcess", "VideoProcess\VideoProcess.csproj", "{1CECED8C-FEC0-45D6-A7A5-58401485DF59}"
EndProject
Global
	GlobalSection(SolutionConfigurationPlatforms) = preSolution
		Debug|Any CPU = Debug|Any CPU
		Release|Any CPU = Release|Any CPU
	EndGlobalSection
	GlobalSection(ProjectConfigurationPlatforms) = postSolution
		{209FA716-A7AD-4095-BD70-C8710FC66FA7}.Debug|Any CPU.ActiveCfg = Debug|Any CPU
		{209FA716-A7AD-4095-BD70-C8710FC66FA7}.Debug|Any CPU.Build.0 = Debug|Any CPU
		{209FA716-A7AD-4095-BD70-C8710FC66FA7}.Release|Any CPU.ActiveCfg = Release|Any CPU
		{209FA716-A7AD-4095-BD70-C8710FC66FA7}.Release|Any CPU.Build.0 = Release|Any CPU
		{6AD50E14-B875-4961-AD99-EFF818FAEBD7}.Debug|Any CPU.ActiveCfg = Debug|Any CPU
		{6AD50E14-B875-4961-AD99-EFF818FAEBD7}.Debug|Any CPU.Build.0 = Debug|Any CPU
		{6AD50E14-B875-4961-AD99-EFF818FAEBD7}.Release|Any CPU.ActiveCfg = Release|Any CPU
		{6AD50E14-B875-4961-AD99-EFF818FAEBD7}.Release|Any CPU.Build.0 = Release|Any CPU
		{1CECED8C-FEC0-45D6-A7A5-58401485DF59}.Debug|Any CPU.ActiveCfg = Debug|Any CPU
		{1CECED8C-FEC0-45D6-A7A5-58401485DF59}.Debug|Any CPU.Build.0 = Debug|Any CPU
		{1CECED8C-FEC0-45D6-A7A5-58401485DF59}.Release|Any CPU.ActiveCfg = Release|Any CPU
		{1CECED8C-FEC0-45D6-A7A5-58401485DF59}.Release|Any CPU.Build.0 = Release|Any CPU
	EndGlobalSection
	GlobalSection(SolutionProperties) = preSolution
		HideSolutionNode = FALSE
	EndGlobalSection
	GlobalSection(ExtensibilityGlobals) = postSolution
		EnterpriseLibraryConfigurationToolBinariesPath = packages\TransientFaultHandling.Core.5.1.1209.1\lib\NET4
	EndGlobalSection
EndGlobal
